// !$*UTF8*$!
{
	archiveVersion = 1;
	classes = {
	};
	objectVersion = 50;
	objects = {

/* Begin PBXBuildFile section */
		3F08D87121E6B44E00919E42 /* AppDelegate.swift in Sources */ = {isa = PBXBuildFile; fileRef = 3F08D87021E6B44E00919E42 /* AppDelegate.swift */; };
		3F08D87321E6B44F00919E42 /* ShoppingListViewController.swift in Sources */ = {isa = PBXBuildFile; fileRef = 3F08D87221E6B44F00919E42 /* ShoppingListViewController.swift */; };
		3F08D87621E6B44F00919E42 /* Main.storyboard in Resources */ = {isa = PBXBuildFile; fileRef = 3F08D87421E6B44F00919E42 /* Main.storyboard */; };
		3F08D87821E6B44F00919E42 /* Assets.xcassets in Resources */ = {isa = PBXBuildFile; fileRef = 3F08D87721E6B44F00919E42 /* Assets.xcassets */; };
		3F08D87B21E6B44F00919E42 /* LaunchScreen.storyboard in Resources */ = {isa = PBXBuildFile; fileRef = 3F08D87921E6B44F00919E42 /* LaunchScreen.storyboard */; };
		3F77CABB21E7CAC30011821D /* ChangeCountProtocol.swift in Sources */ = {isa = PBXBuildFile; fileRef = 3F77CABA21E7CAC30011821D /* ChangeCountProtocol.swift */; };
		3F77CABE21E7CB820011821D /* ProductTableViewCell.swift in Sources */ = {isa = PBXBuildFile; fileRef = 3F77CABD21E7CB820011821D /* ProductTableViewCell.swift */; };
		3F77CAC021E7CBA90011821D /* ProductTableViewCell.xib in Resources */ = {isa = PBXBuildFile; fileRef = 3F77CABF21E7CBA90011821D /* ProductTableViewCell.xib */; };
		3F7E12C921E78100003923F2 /* ShoppingCartViewController.swift in Sources */ = {isa = PBXBuildFile; fileRef = 3F7E12C821E78100003923F2 /* ShoppingCartViewController.swift */; };
		3F7E12CF21E7817D003923F2 /* ShoppingCart.xcdatamodeld in Sources */ = {isa = PBXBuildFile; fileRef = 3F7E12CD21E7817D003923F2 /* ShoppingCart.xcdatamodeld */; };
		3F7E12F221E78876003923F2 /* README.md in Resources */ = {isa = PBXBuildFile; fileRef = 3F7E12F121E78876003923F2 /* README.md */; };
		3F7E12FC21E78CDC003923F2 /* Product+CoreDataClass.swift in Sources */ = {isa = PBXBuildFile; fileRef = 3F7E12F821E78CDC003923F2 /* Product+CoreDataClass.swift */; };
		3F7E12FD21E78CDC003923F2 /* Product+CoreDataProperties.swift in Sources */ = {isa = PBXBuildFile; fileRef = 3F7E12F921E78CDC003923F2 /* Product+CoreDataProperties.swift */; };
		3F7E12FF21E78D28003923F2 /* ServiceManager.swift in Sources */ = {isa = PBXBuildFile; fileRef = 3F7E12FE21E78D28003923F2 /* ServiceManager.swift */; };
		3F7E130121E78D33003923F2 /* ProductServiceFactory.swift in Sources */ = {isa = PBXBuildFile; fileRef = 3F7E130021E78D33003923F2 /* ProductServiceFactory.swift */; };
		3F91C07321E954D4000829EA /* ProductTabBarController.swift in Sources */ = {isa = PBXBuildFile; fileRef = 3F91C07221E954D4000829EA /* ProductTabBarController.swift */; };
		3F93F9F021E7BB4100823746 /* CoreDataManager.swift in Sources */ = {isa = PBXBuildFile; fileRef = 3F7E12D021E781BB003923F2 /* CoreDataManager.swift */; };
		3F93F9F221E7BB6600823746 /* ProductsViewModel.swift in Sources */ = {isa = PBXBuildFile; fileRef = 3F93F9F121E7BB6600823746 /* ProductsViewModel.swift */; };
		3F93F9F921E7BF1000823746 /* ProductCollectionViewCell.swift in Sources */ = {isa = PBXBuildFile; fileRef = 3F93F9F721E7BF1000823746 /* ProductCollectionViewCell.swift */; };
		3F93F9FA21E7BF1000823746 /* ProductCollectionViewCell.xib in Resources */ = {isa = PBXBuildFile; fileRef = 3F93F9F821E7BF1000823746 /* ProductCollectionViewCell.xib */; };
		3FC1FFA1228F55A900DF06F4 /* HETableView.swift in Sources */ = {isa = PBXBuildFile; fileRef = 3FC1FFA0228F55A900DF06F4 /* HETableView.swift */; };
		3FC88FF321E7D2BB0005BDBD /* ProductInfo.swift in Sources */ = {isa = PBXBuildFile; fileRef = 3FC88FF221E7D2BB0005BDBD /* ProductInfo.swift */; };
		3FC88FF521E7E0D40005BDBD /* groceries.json in Resources */ = {isa = PBXBuildFile; fileRef = 3FC88FF421E7E0D40005BDBD /* groceries.json */; };
		3FC88FF821E7E6980005BDBD /* UIKit+Extension.swift in Sources */ = {isa = PBXBuildFile; fileRef = 3FC88FF721E7E6980005BDBD /* UIKit+Extension.swift */; };
		3FC88FFB21E8010A0005BDBD /* Cart+CoreDataClass.swift in Sources */ = {isa = PBXBuildFile; fileRef = 3FC88FF921E8010A0005BDBD /* Cart+CoreDataClass.swift */; };
		3FC88FFC21E8010A0005BDBD /* Cart+CoreDataProperties.swift in Sources */ = {isa = PBXBuildFile; fileRef = 3FC88FFA21E8010A0005BDBD /* Cart+CoreDataProperties.swift */; };
		3FC963002232DAE2000BEE05 /* PaymentNavigationDelegate.swift in Sources */ = {isa = PBXBuildFile; fileRef = 3FC962FF2232DAE2000BEE05 /* PaymentNavigationDelegate.swift */; };
		3FCFF3DF22320551005D62B4 /* ViewModel.swift in Sources */ = {isa = PBXBuildFile; fileRef = 3FCFF3DE22320551005D62B4 /* ViewModel.swift */; };
		3FCFF3E12232090F005D62B4 /* UIStoryboard+Main.swift in Sources */ = {isa = PBXBuildFile; fileRef = 3FCFF3E02232090F005D62B4 /* UIStoryboard+Main.swift */; };
		3FCFF3E422321D78005D62B4 /* ProductTabBarCoordinator.swift in Sources */ = {isa = PBXBuildFile; fileRef = 3FCFF3E322321D78005D62B4 /* ProductTabBarCoordinator.swift */; };
		3FCFF3E622321DB3005D62B4 /* ProductPaymentCoordinator.swift in Sources */ = {isa = PBXBuildFile; fileRef = 3FCFF3E522321DB3005D62B4 /* ProductPaymentCoordinator.swift */; };
		3FCFF3E822321DBA005D62B4 /* Coordinator.swift in Sources */ = {isa = PBXBuildFile; fileRef = 3FCFF3E722321DBA005D62B4 /* Coordinator.swift */; };
		3FCFF3EA223222D5005D62B4 /* PaymentViewController.swift in Sources */ = {isa = PBXBuildFile; fileRef = 3FCFF3E9223222D5005D62B4 /* PaymentViewController.swift */; };
		3FCFF3EC2232275D005D62B4 /* PaymentHandler.swift in Sources */ = {isa = PBXBuildFile; fileRef = 3FCFF3EB2232275D005D62B4 /* PaymentHandler.swift */; };
/* End PBXBuildFile section */

/* Begin PBXFileReference section */
		3F08D86D21E6B44E00919E42 /* ShoppingCart.app */ = {isa = PBXFileReference; explicitFileType = wrapper.application; includeInIndex = 0; path = ShoppingCart.app; sourceTree = BUILT_PRODUCTS_DIR; };
		3F08D87021E6B44E00919E42 /* AppDelegate.swift */ = {isa = PBXFileReference; lastKnownFileType = sourcecode.swift; path = AppDelegate.swift; sourceTree = "<group>"; };
		3F08D87221E6B44F00919E42 /* ShoppingListViewController.swift */ = {isa = PBXFileReference; lastKnownFileType = sourcecode.swift; path = ShoppingListViewController.swift; sourceTree = "<group>"; };
		3F08D87521E6B44F00919E42 /* Base */ = {isa = PBXFileReference; lastKnownFileType = file.storyboard; name = Base; path = Base.lproj/Main.storyboard; sourceTree = "<group>"; };
		3F08D87721E6B44F00919E42 /* Assets.xcassets */ = {isa = PBXFileReference; lastKnownFileType = folder.assetcatalog; path = Assets.xcassets; sourceTree = "<group>"; };
		3F08D87A21E6B44F00919E42 /* Base */ = {isa = PBXFileReference; lastKnownFileType = file.storyboard; name = Base; path = Base.lproj/LaunchScreen.storyboard; sourceTree = "<group>"; };
		3F08D87C21E6B44F00919E42 /* Info.plist */ = {isa = PBXFileReference; lastKnownFileType = text.plist.xml; path = Info.plist; sourceTree = "<group>"; };
		3F77CABA21E7CAC30011821D /* ChangeCountProtocol.swift */ = {isa = PBXFileReference; lastKnownFileType = sourcecode.swift; path = ChangeCountProtocol.swift; sourceTree = "<group>"; };
		3F77CABD21E7CB820011821D /* ProductTableViewCell.swift */ = {isa = PBXFileReference; lastKnownFileType = sourcecode.swift; path = ProductTableViewCell.swift; sourceTree = "<group>"; };
		3F77CABF21E7CBA90011821D /* ProductTableViewCell.xib */ = {isa = PBXFileReference; lastKnownFileType = file.xib; path = ProductTableViewCell.xib; sourceTree = "<group>"; };
		3F7E12C821E78100003923F2 /* ShoppingCartViewController.swift */ = {isa = PBXFileReference; lastKnownFileType = sourcecode.swift; path = ShoppingCartViewController.swift; sourceTree = "<group>"; };
		3F7E12CE21E7817D003923F2 /* SignedInTunes.xcdatamodel */ = {isa = PBXFileReference; lastKnownFileType = wrapper.xcdatamodel; path = SignedInTunes.xcdatamodel; sourceTree = "<group>"; };
		3F7E12D021E781BB003923F2 /* CoreDataManager.swift */ = {isa = PBXFileReference; fileEncoding = 4; lastKnownFileType = sourcecode.swift; path = CoreDataManager.swift; sourceTree = "<group>"; };
		3F7E12F121E78876003923F2 /* README.md */ = {isa = PBXFileReference; lastKnownFileType = net.daringfireball.markdown; path = README.md; sourceTree = "<group>"; };
		3F7E12F821E78CDC003923F2 /* Product+CoreDataClass.swift */ = {isa = PBXFileReference; lastKnownFileType = sourcecode.swift; path = "Product+CoreDataClass.swift"; sourceTree = "<group>"; };
		3F7E12F921E78CDC003923F2 /* Product+CoreDataProperties.swift */ = {isa = PBXFileReference; lastKnownFileType = sourcecode.swift; path = "Product+CoreDataProperties.swift"; sourceTree = "<group>"; };
		3F7E12FE21E78D28003923F2 /* ServiceManager.swift */ = {isa = PBXFileReference; lastKnownFileType = sourcecode.swift; path = ServiceManager.swift; sourceTree = "<group>"; };
		3F7E130021E78D33003923F2 /* ProductServiceFactory.swift */ = {isa = PBXFileReference; lastKnownFileType = sourcecode.swift; path = ProductServiceFactory.swift; sourceTree = "<group>"; };
		3F91C07221E954D4000829EA /* ProductTabBarController.swift */ = {isa = PBXFileReference; lastKnownFileType = sourcecode.swift; path = ProductTabBarController.swift; sourceTree = "<group>"; };
		3F93F9F121E7BB6600823746 /* ProductsViewModel.swift */ = {isa = PBXFileReference; lastKnownFileType = sourcecode.swift; path = ProductsViewModel.swift; sourceTree = "<group>"; };
		3F93F9F721E7BF1000823746 /* ProductCollectionViewCell.swift */ = {isa = PBXFileReference; lastKnownFileType = sourcecode.swift; path = ProductCollectionViewCell.swift; sourceTree = "<group>"; };
		3F93F9F821E7BF1000823746 /* ProductCollectionViewCell.xib */ = {isa = PBXFileReference; lastKnownFileType = file.xib; path = ProductCollectionViewCell.xib; sourceTree = "<group>"; };
		3FC1FFA0228F55A900DF06F4 /* HETableView.swift */ = {isa = PBXFileReference; fileEncoding = 4; lastKnownFileType = sourcecode.swift; path = HETableView.swift; sourceTree = "<group>"; };
		3FC88FF221E7D2BB0005BDBD /* ProductInfo.swift */ = {isa = PBXFileReference; lastKnownFileType = sourcecode.swift; path = ProductInfo.swift; sourceTree = "<group>"; };
		3FC88FF421E7E0D40005BDBD /* groceries.json */ = {isa = PBXFileReference; fileEncoding = 4; lastKnownFileType = text.json; path = groceries.json; sourceTree = "<group>"; };
		3FC88FF721E7E6980005BDBD /* UIKit+Extension.swift */ = {isa = PBXFileReference; lastKnownFileType = sourcecode.swift; path = "UIKit+Extension.swift"; sourceTree = "<group>"; };
		3FC88FF921E8010A0005BDBD /* Cart+CoreDataClass.swift */ = {isa = PBXFileReference; lastKnownFileType = sourcecode.swift; path = "Cart+CoreDataClass.swift"; sourceTree = "<group>"; };
		3FC88FFA21E8010A0005BDBD /* Cart+CoreDataProperties.swift */ = {isa = PBXFileReference; lastKnownFileType = sourcecode.swift; path = "Cart+CoreDataProperties.swift"; sourceTree = "<group>"; };
		3FC962FF2232DAE2000BEE05 /* PaymentNavigationDelegate.swift */ = {isa = PBXFileReference; lastKnownFileType = sourcecode.swift; path = PaymentNavigationDelegate.swift; sourceTree = "<group>"; };
		3FCFF3DE22320551005D62B4 /* ViewModel.swift */ = {isa = PBXFileReference; lastKnownFileType = sourcecode.swift; path = ViewModel.swift; sourceTree = "<group>"; };
		3FCFF3E02232090F005D62B4 /* UIStoryboard+Main.swift */ = {isa = PBXFileReference; lastKnownFileType = sourcecode.swift; path = "UIStoryboard+Main.swift"; sourceTree = "<group>"; };
		3FCFF3E322321D78005D62B4 /* ProductTabBarCoordinator.swift */ = {isa = PBXFileReference; lastKnownFileType = sourcecode.swift; path = ProductTabBarCoordinator.swift; sourceTree = "<group>"; };
		3FCFF3E522321DB3005D62B4 /* ProductPaymentCoordinator.swift */ = {isa = PBXFileReference; lastKnownFileType = sourcecode.swift; path = ProductPaymentCoordinator.swift; sourceTree = "<group>"; };
		3FCFF3E722321DBA005D62B4 /* Coordinator.swift */ = {isa = PBXFileReference; lastKnownFileType = sourcecode.swift; path = Coordinator.swift; sourceTree = "<group>"; };
		3FCFF3E9223222D5005D62B4 /* PaymentViewController.swift */ = {isa = PBXFileReference; lastKnownFileType = sourcecode.swift; path = PaymentViewController.swift; sourceTree = "<group>"; };
		3FCFF3EB2232275D005D62B4 /* PaymentHandler.swift */ = {isa = PBXFileReference; lastKnownFileType = sourcecode.swift; path = PaymentHandler.swift; sourceTree = "<group>"; };
/* End PBXFileReference section */

/* Begin PBXFrameworksBuildPhase section */
		3F08D86A21E6B44E00919E42 /* Frameworks */ = {
			isa = PBXFrameworksBuildPhase;
			buildActionMask = 2147483647;
			files = (
			);
			runOnlyForDeploymentPostprocessing = 0;
		};
/* End PBXFrameworksBuildPhase section */

/* Begin PBXGroup section */
		3F08D86421E6B44E00919E42 = {
			isa = PBXGroup;
			children = (
				3F7E12F121E78876003923F2 /* README.md */,
				3F08D86F21E6B44E00919E42 /* ShoppingCart */,
				3F08D86E21E6B44E00919E42 /* Products */,
			);
			sourceTree = "<group>";
		};
		3F08D86E21E6B44E00919E42 /* Products */ = {
			isa = PBXGroup;
			children = (
				3F08D86D21E6B44E00919E42 /* ShoppingCart.app */,
			);
			name = Products;
			sourceTree = "<group>";
		};
		3F08D86F21E6B44E00919E42 /* ShoppingCart */ = {
			isa = PBXGroup;
			children = (
				3FC88FF621E7E6850005BDBD /* UIKit+Extensions */,
				3F77CAB821E7CAAA0011821D /* Protocol */,
				3F7E130221E78D3E003923F2 /* Service */,
				3F7E12CB21E78167003923F2 /* Manager */,
				3FCFF3E222321D6A005D62B4 /* Coordinator */,
				3F7E12F321E78CAF003923F2 /* Model */,
				3F7E12D221E782C4003923F2 /* ViewModel */,
				3F7E12CA21E78122003923F2 /* View */,
				3F08D87021E6B44E00919E42 /* AppDelegate.swift */,
				3F08D87421E6B44F00919E42 /* Main.storyboard */,
				3F08D87721E6B44F00919E42 /* Assets.xcassets */,
				3F08D87921E6B44F00919E42 /* LaunchScreen.storyboard */,
				3F08D87C21E6B44F00919E42 /* Info.plist */,
				3FC88FF421E7E0D40005BDBD /* groceries.json */,
				3F7E12CD21E7817D003923F2 /* ShoppingCart.xcdatamodeld */,
			);
			path = ShoppingCart;
			sourceTree = "<group>";
		};
		3F77CAB821E7CAAA0011821D /* Protocol */ = {
			isa = PBXGroup;
			children = (
				3F77CABA21E7CAC30011821D /* ChangeCountProtocol.swift */,
				3FCFF3EB2232275D005D62B4 /* PaymentHandler.swift */,
				3FC962FF2232DAE2000BEE05 /* PaymentNavigationDelegate.swift */,
				3FCFF3DE22320551005D62B4 /* ViewModel.swift */,
			);
			path = Protocol;
			sourceTree = "<group>";
		};
		3F7E12CA21E78122003923F2 /* View */ = {
			isa = PBXGroup;
			children = (
				3FC1FFA0228F55A900DF06F4 /* HETableView.swift */,
				3F93F9F521E7BEC900823746 /* CustomViews */,
				3F93F9F621E7BECE00823746 /* ViewControllers */,
				3F91C07221E954D4000829EA /* ProductTabBarController.swift */,
			);
			path = View;
			sourceTree = "<group>";
		};
		3F7E12CB21E78167003923F2 /* Manager */ = {
			isa = PBXGroup;
			children = (
				3F7E12D021E781BB003923F2 /* CoreDataManager.swift */,
				3F7E12FE21E78D28003923F2 /* ServiceManager.swift */,
			);
			path = Manager;
			sourceTree = "<group>";
		};
		3F7E12D221E782C4003923F2 /* ViewModel */ = {
			isa = PBXGroup;
			children = (
				3F93F9F121E7BB6600823746 /* ProductsViewModel.swift */,
			);
			path = ViewModel;
			sourceTree = "<group>";
		};
		3F7E12F321E78CAF003923F2 /* Model */ = {
			isa = PBXGroup;
			children = (
				3F7E12F421E78CB5003923F2 /* NSManagedObjects */,
				3F7E12F521E78CBC003923F2 /* NSManagedObjects+Extensions */,
			);
			path = Model;
			sourceTree = "<group>";
		};
		3F7E12F421E78CB5003923F2 /* NSManagedObjects */ = {
			isa = PBXGroup;
			children = (
				3FC88FF921E8010A0005BDBD /* Cart+CoreDataClass.swift */,
				3FC88FFA21E8010A0005BDBD /* Cart+CoreDataProperties.swift */,
				3F7E12F821E78CDC003923F2 /* Product+CoreDataClass.swift */,
				3F7E12F921E78CDC003923F2 /* Product+CoreDataProperties.swift */,
			);
			path = NSManagedObjects;
			sourceTree = "<group>";
		};
		3F7E12F521E78CBC003923F2 /* NSManagedObjects+Extensions */ = {
			isa = PBXGroup;
			children = (
				3FC88FF221E7D2BB0005BDBD /* ProductInfo.swift */,
			);
			path = "NSManagedObjects+Extensions";
			sourceTree = "<group>";
		};
		3F7E130221E78D3E003923F2 /* Service */ = {
			isa = PBXGroup;
			children = (
				3F7E130021E78D33003923F2 /* ProductServiceFactory.swift */,
			);
			path = Service;
			sourceTree = "<group>";
		};
		3F93F9F521E7BEC900823746 /* CustomViews */ = {
			isa = PBXGroup;
			children = (
				3F93F9F721E7BF1000823746 /* ProductCollectionViewCell.swift */,
				3F93F9F821E7BF1000823746 /* ProductCollectionViewCell.xib */,
				3F77CABD21E7CB820011821D /* ProductTableViewCell.swift */,
				3F77CABF21E7CBA90011821D /* ProductTableViewCell.xib */,
			);
			path = CustomViews;
			sourceTree = "<group>";
		};
		3F93F9F621E7BECE00823746 /* ViewControllers */ = {
			isa = PBXGroup;
			children = (
				3F08D87221E6B44F00919E42 /* ShoppingListViewController.swift */,
				3F7E12C821E78100003923F2 /* ShoppingCartViewController.swift */,
				3FCFF3E9223222D5005D62B4 /* PaymentViewController.swift */,
			);
			path = ViewControllers;
			sourceTree = "<group>";
		};
		3FC88FF621E7E6850005BDBD /* UIKit+Extensions */ = {
			isa = PBXGroup;
			children = (
				3FC88FF721E7E6980005BDBD /* UIKit+Extension.swift */,
				3FCFF3E02232090F005D62B4 /* UIStoryboard+Main.swift */,
			);
			path = "UIKit+Extensions";
			sourceTree = "<group>";
		};
		3FCFF3E222321D6A005D62B4 /* Coordinator */ = {
			isa = PBXGroup;
			children = (
				3FCFF3E722321DBA005D62B4 /* Coordinator.swift */,
				3FCFF3E322321D78005D62B4 /* ProductTabBarCoordinator.swift */,
				3FCFF3E522321DB3005D62B4 /* ProductPaymentCoordinator.swift */,
			);
			path = Coordinator;
			sourceTree = "<group>";
		};
/* End PBXGroup section */

/* Begin PBXNativeTarget section */
		3F08D86C21E6B44E00919E42 /* ShoppingCart */ = {
			isa = PBXNativeTarget;
			buildConfigurationList = 3F08D87F21E6B44F00919E42 /* Build configuration list for PBXNativeTarget "ShoppingCart" */;
			buildPhases = (
				3F08D86921E6B44E00919E42 /* Sources */,
				3F08D86A21E6B44E00919E42 /* Frameworks */,
				3F08D86B21E6B44E00919E42 /* Resources */,
			);
			buildRules = (
			);
			dependencies = (
			);
			name = ShoppingCart;
			productName = ShoppingCart;
			productReference = 3F08D86D21E6B44E00919E42 /* ShoppingCart.app */;
			productType = "com.apple.product-type.application";
		};
/* End PBXNativeTarget section */

/* Begin PBXProject section */
		3F08D86521E6B44E00919E42 /* Project object */ = {
			isa = PBXProject;
			attributes = {
				LastSwiftUpdateCheck = 1010;
				LastUpgradeCheck = 1010;
				ORGANIZATIONNAME = "Kevin Yu";
				TargetAttributes = {
					3F08D86C21E6B44E00919E42 = {
						CreatedOnToolsVersion = 10.1;
					};
				};
			};
			buildConfigurationList = 3F08D86821E6B44E00919E42 /* Build configuration list for PBXProject "ShoppingCart" */;
			compatibilityVersion = "Xcode 9.3";
			developmentRegion = en;
			hasScannedForEncodings = 0;
			knownRegions = (
				en,
				Base,
			);
			mainGroup = 3F08D86421E6B44E00919E42;
			productRefGroup = 3F08D86E21E6B44E00919E42 /* Products */;
			projectDirPath = "";
			projectRoot = "";
			targets = (
				3F08D86C21E6B44E00919E42 /* ShoppingCart */,
			);
		};
/* End PBXProject section */

/* Begin PBXResourcesBuildPhase section */
		3F08D86B21E6B44E00919E42 /* Resources */ = {
			isa = PBXResourcesBuildPhase;
			buildActionMask = 2147483647;
			files = (
				3F08D87B21E6B44F00919E42 /* LaunchScreen.storyboard in Resources */,
				3F77CAC021E7CBA90011821D /* ProductTableViewCell.xib in Resources */,
				3F08D87821E6B44F00919E42 /* Assets.xcassets in Resources */,
				3F93F9FA21E7BF1000823746 /* ProductCollectionViewCell.xib in Resources */,
				3FC88FF521E7E0D40005BDBD /* groceries.json in Resources */,
				3F7E12F221E78876003923F2 /* README.md in Resources */,
				3F08D87621E6B44F00919E42 /* Main.storyboard in Resources */,
			);
			runOnlyForDeploymentPostprocessing = 0;
		};
/* End PBXResourcesBuildPhase section */

/* Begin PBXSourcesBuildPhase section */
		3F08D86921E6B44E00919E42 /* Sources */ = {
			isa = PBXSourcesBuildPhase;
			buildActionMask = 2147483647;
			files = (
				3FC88FF821E7E6980005BDBD /* UIKit+Extension.swift in Sources */,
				3FCFF3E12232090F005D62B4 /* UIStoryboard+Main.swift in Sources */,
				3FCFF3E422321D78005D62B4 /* ProductTabBarCoordinator.swift in Sources */,
				3F08D87321E6B44F00919E42 /* ShoppingListViewController.swift in Sources */,
				3F77CABB21E7CAC30011821D /* ChangeCountProtocol.swift in Sources */,
				3F93F9F921E7BF1000823746 /* ProductCollectionViewCell.swift in Sources */,
				3F08D87121E6B44E00919E42 /* AppDelegate.swift in Sources */,
				3FC88FFC21E8010A0005BDBD /* Cart+CoreDataProperties.swift in Sources */,
				3F7E12FC21E78CDC003923F2 /* Product+CoreDataClass.swift in Sources */,
				3FC88FF321E7D2BB0005BDBD /* ProductInfo.swift in Sources */,
				3F7E12CF21E7817D003923F2 /* ShoppingCart.xcdatamodeld in Sources */,
				3F91C07321E954D4000829EA /* ProductTabBarController.swift in Sources */,
				3FCFF3EC2232275D005D62B4 /* PaymentHandler.swift in Sources */,
				3F7E12FF21E78D28003923F2 /* ServiceManager.swift in Sources */,
				3FCFF3E622321DB3005D62B4 /* ProductPaymentCoordinator.swift in Sources */,
				3FCFF3DF22320551005D62B4 /* ViewModel.swift in Sources */,
				3F93F9F221E7BB6600823746 /* ProductsViewModel.swift in Sources */,
				3FC963002232DAE2000BEE05 /* PaymentNavigationDelegate.swift in Sources */,
				3F77CABE21E7CB820011821D /* ProductTableViewCell.swift in Sources */,
				3FCFF3E822321DBA005D62B4 /* Coordinator.swift in Sources */,
				3F7E12C921E78100003923F2 /* ShoppingCartViewController.swift in Sources */,
				3FCFF3EA223222D5005D62B4 /* PaymentViewController.swift in Sources */,
				3F7E130121E78D33003923F2 /* ProductServiceFactory.swift in Sources */,
				3FC1FFA1228F55A900DF06F4 /* HETableView.swift in Sources */,
				3F7E12FD21E78CDC003923F2 /* Product+CoreDataProperties.swift in Sources */,
				3F93F9F021E7BB4100823746 /* CoreDataManager.swift in Sources */,
				3FC88FFB21E8010A0005BDBD /* Cart+CoreDataClass.swift in Sources */,
			);
			runOnlyForDeploymentPostprocessing = 0;
		};
/* End PBXSourcesBuildPhase section */

/* Begin PBXVariantGroup section */
		3F08D87421E6B44F00919E42 /* Main.storyboard */ = {
			isa = PBXVariantGroup;
			children = (
				3F08D87521E6B44F00919E42 /* Base */,
			);
			name = Main.storyboard;
			sourceTree = "<group>";
		};
		3F08D87921E6B44F00919E42 /* LaunchScreen.storyboard */ = {
			isa = PBXVariantGroup;
			children = (
				3F08D87A21E6B44F00919E42 /* Base */,
			);
			name = LaunchScreen.storyboard;
			sourceTree = "<group>";
		};
/* End PBXVariantGroup section */

/* Begin XCBuildConfiguration section */
		3F08D87D21E6B44F00919E42 /* Debug */ = {
			isa = XCBuildConfiguration;
			buildSettings = {
				ALWAYS_SEARCH_USER_PATHS = NO;
				CLANG_ANALYZER_NONNULL = YES;
				CLANG_ANALYZER_NUMBER_OBJECT_CONVERSION = YES_AGGRESSIVE;
				CLANG_CXX_LANGUAGE_STANDARD = "gnu++14";
				CLANG_CXX_LIBRARY = "libc++";
				CLANG_ENABLE_MODULES = YES;
				CLANG_ENABLE_OBJC_ARC = YES;
				CLANG_ENABLE_OBJC_WEAK = YES;
				CLANG_WARN_BLOCK_CAPTURE_AUTORELEASING = YES;
				CLANG_WARN_BOOL_CONVERSION = YES;
				CLANG_WARN_COMMA = YES;
				CLANG_WARN_CONSTANT_CONVERSION = YES;
				CLANG_WARN_DEPRECATED_OBJC_IMPLEMENTATIONS = YES;
				CLANG_WARN_DIRECT_OBJC_ISA_USAGE = YES_ERROR;
				CLANG_WARN_DOCUMENTATION_COMMENTS = YES;
				CLANG_WARN_EMPTY_BODY = YES;
				CLANG_WARN_ENUM_CONVERSION = YES;
				CLANG_WARN_INFINITE_RECURSION = YES;
				CLANG_WARN_INT_CONVERSION = YES;
				CLANG_WARN_NON_LITERAL_NULL_CONVERSION = YES;
				CLANG_WARN_OBJC_IMPLICIT_RETAIN_SELF = YES;
				CLANG_WARN_OBJC_LITERAL_CONVERSION = YES;
				CLANG_WARN_OBJC_ROOT_CLASS = YES_ERROR;
				CLANG_WARN_RANGE_LOOP_ANALYSIS = YES;
				CLANG_WARN_STRICT_PROTOTYPES = YES;
				CLANG_WARN_SUSPICIOUS_MOVE = YES;
				CLANG_WARN_UNGUARDED_AVAILABILITY = YES_AGGRESSIVE;
				CLANG_WARN_UNREACHABLE_CODE = YES;
				CLANG_WARN__DUPLICATE_METHOD_MATCH = YES;
				CODE_SIGN_IDENTITY = "iPhone Developer";
				COPY_PHASE_STRIP = NO;
				DEBUG_INFORMATION_FORMAT = dwarf;
				ENABLE_STRICT_OBJC_MSGSEND = YES;
				ENABLE_TESTABILITY = YES;
				GCC_C_LANGUAGE_STANDARD = gnu11;
				GCC_DYNAMIC_NO_PIC = NO;
				GCC_NO_COMMON_BLOCKS = YES;
				GCC_OPTIMIZATION_LEVEL = 0;
				GCC_PREPROCESSOR_DEFINITIONS = (
					"DEBUG=1",
					"$(inherited)",
				);
				GCC_WARN_64_TO_32_BIT_CONVERSION = YES;
				GCC_WARN_ABOUT_RETURN_TYPE = YES_ERROR;
				GCC_WARN_UNDECLARED_SELECTOR = YES;
				GCC_WARN_UNINITIALIZED_AUTOS = YES_AGGRESSIVE;
				GCC_WARN_UNUSED_FUNCTION = YES;
				GCC_WARN_UNUSED_VARIABLE = YES;
				IPHONEOS_DEPLOYMENT_TARGET = 12.1;
				MTL_ENABLE_DEBUG_INFO = INCLUDE_SOURCE;
				MTL_FAST_MATH = YES;
				ONLY_ACTIVE_ARCH = YES;
				SDKROOT = iphoneos;
				SWIFT_ACTIVE_COMPILATION_CONDITIONS = DEBUG;
				SWIFT_OPTIMIZATION_LEVEL = "-Onone";
			};
			name = Debug;
		};
		3F08D87E21E6B44F00919E42 /* Release */ = {
			isa = XCBuildConfiguration;
			buildSettings = {
				ALWAYS_SEARCH_USER_PATHS = NO;
				CLANG_ANALYZER_NONNULL = YES;
				CLANG_ANALYZER_NUMBER_OBJECT_CONVERSION = YES_AGGRESSIVE;
				CLANG_CXX_LANGUAGE_STANDARD = "gnu++14";
				CLANG_CXX_LIBRARY = "libc++";
				CLANG_ENABLE_MODULES = YES;
				CLANG_ENABLE_OBJC_ARC = YES;
				CLANG_ENABLE_OBJC_WEAK = YES;
				CLANG_WARN_BLOCK_CAPTURE_AUTORELEASING = YES;
				CLANG_WARN_BOOL_CONVERSION = YES;
				CLANG_WARN_COMMA = YES;
				CLANG_WARN_CONSTANT_CONVERSION = YES;
				CLANG_WARN_DEPRECATED_OBJC_IMPLEMENTATIONS = YES;
				CLANG_WARN_DIRECT_OBJC_ISA_USAGE = YES_ERROR;
				CLANG_WARN_DOCUMENTATION_COMMENTS = YES;
				CLANG_WARN_EMPTY_BODY = YES;
				CLANG_WARN_ENUM_CONVERSION = YES;
				CLANG_WARN_INFINITE_RECURSION = YES;
				CLANG_WARN_INT_CONVERSION = YES;
				CLANG_WARN_NON_LITERAL_NULL_CONVERSION = YES;
				CLANG_WARN_OBJC_IMPLICIT_RETAIN_SELF = YES;
				CLANG_WARN_OBJC_LITERAL_CONVERSION = YES;
				CLANG_WARN_OBJC_ROOT_CLASS = YES_ERROR;
				CLANG_WARN_RANGE_LOOP_ANALYSIS = YES;
				CLANG_WARN_STRICT_PROTOTYPES = YES;
				CLANG_WARN_SUSPICIOUS_MOVE = YES;
				CLANG_WARN_UNGUARDED_AVAILABILITY = YES_AGGRESSIVE;
				CLANG_WARN_UNREACHABLE_CODE = YES;
				CLANG_WARN__DUPLICATE_METHOD_MATCH = YES;
				CODE_SIGN_IDENTITY = "iPhone Developer";
				COPY_PHASE_STRIP = NO;
				DEBUG_INFORMATION_FORMAT = "dwarf-with-dsym";
				ENABLE_NS_ASSERTIONS = NO;
				ENABLE_STRICT_OBJC_MSGSEND = YES;
				GCC_C_LANGUAGE_STANDARD = gnu11;
				GCC_NO_COMMON_BLOCKS = YES;
				GCC_WARN_64_TO_32_BIT_CONVERSION = YES;
				GCC_WARN_ABOUT_RETURN_TYPE = YES_ERROR;
				GCC_WARN_UNDECLARED_SELECTOR = YES;
				GCC_WARN_UNINITIALIZED_AUTOS = YES_AGGRESSIVE;
				GCC_WARN_UNUSED_FUNCTION = YES;
				GCC_WARN_UNUSED_VARIABLE = YES;
				IPHONEOS_DEPLOYMENT_TARGET = 12.1;
				MTL_ENABLE_DEBUG_INFO = NO;
				MTL_FAST_MATH = YES;
				SDKROOT = iphoneos;
				SWIFT_COMPILATION_MODE = wholemodule;
				SWIFT_OPTIMIZATION_LEVEL = "-O";
				VALIDATE_PRODUCT = YES;
			};
			name = Release;
		};
		3F08D88021E6B44F00919E42 /* Debug */ = {
			isa = XCBuildConfiguration;
			buildSettings = {
				ASSETCATALOG_COMPILER_APPICON_NAME = AppIcon;
				CODE_SIGN_STYLE = Automatic;
				INFOPLIST_FILE = ShoppingCart/Info.plist;
				IPHONEOS_DEPLOYMENT_TARGET = 10.0;
				LD_RUNPATH_SEARCH_PATHS = (
					"$(inherited)",
					"@executable_path/Frameworks",
				);
				PRODUCT_BUNDLE_IDENTIFIER = KevinYu.ShoppingCart;
				PRODUCT_NAME = "$(TARGET_NAME)";
				SWIFT_VERSION = 4.2;
				TARGETED_DEVICE_FAMILY = "1,2";
			};
			name = Debug;
		};
		3F08D88121E6B44F00919E42 /* Release */ = {
			isa = XCBuildConfiguration;
			buildSettings = {
				ASSETCATALOG_COMPILER_APPICON_NAME = AppIcon;
				CODE_SIGN_STYLE = Automatic;
				INFOPLIST_FILE = ShoppingCart/Info.plist;
				IPHONEOS_DEPLOYMENT_TARGET = 10.0;
				LD_RUNPATH_SEARCH_PATHS = (
					"$(inherited)",
					"@executable_path/Frameworks",
				);
				PRODUCT_BUNDLE_IDENTIFIER = KevinYu.ShoppingCart;
				PRODUCT_NAME = "$(TARGET_NAME)";
				SWIFT_VERSION = 4.2;
				TARGETED_DEVICE_FAMILY = "1,2";
			};
			name = Release;
		};
/* End XCBuildConfiguration section */

/* Begin XCConfigurationList section */
		3F08D86821E6B44E00919E42 /* Build configuration list for PBXProject "ShoppingCart" */ = {
			isa = XCConfigurationList;
			buildConfigurations = (
				3F08D87D21E6B44F00919E42 /* Debug */,
				3F08D87E21E6B44F00919E42 /* Release */,
			);
			defaultConfigurationIsVisible = 0;
			defaultConfigurationName = Release;
		};
		3F08D87F21E6B44F00919E42 /* Build configuration list for PBXNativeTarget "ShoppingCart" */ = {
			isa = XCConfigurationList;
			buildConfigurations = (
				3F08D88021E6B44F00919E42 /* Debug */,
				3F08D88121E6B44F00919E42 /* Release */,
			);
			defaultConfigurationIsVisible = 0;
			defaultConfigurationName = Release;
		};
/* End XCConfigurationList section */

/* Begin XCVersionGroup section */
		3F7E12CD21E7817D003923F2 /* ShoppingCart.xcdatamodeld */ = {
			isa = XCVersionGroup;
			children = (
				3F7E12CE21E7817D003923F2 /* SignedInTunes.xcdatamodel */,
			);
			currentVersion = 3F7E12CE21E7817D003923F2 /* SignedInTunes.xcdatamodel */;
			path = ShoppingCart.xcdatamodeld;
			sourceTree = "<group>";
			versionGroupType = wrapper.xcdatamodel;
		};
/* End XCVersionGroup section */
	};
	rootObject = 3F08D86521E6B44E00919E42 /* Project object */;
}
